// !$*UTF8*$!
{
	archiveVersion = 1;
	classes = {
	};
	objectVersion = 46;
	objects = {

/* Begin PBXBuildFile section */
		1A09672A19EB323F00C52AA1 /* scripts.derived.c in Sources */ = {isa = PBXBuildFile; fileRef = 1A09672919EB323F00C52AA1 /* scripts.derived.c */; };
		1A1A332917DCF43B005BFA9B /* SDL2.framework in Frameworks */ = {isa = PBXBuildFile; fileRef = 1A1A332717DCF43B005BFA9B /* SDL2.framework */; };
		1A1A332A17DCF43B005BFA9B /* SDL2_image.framework in Frameworks */ = {isa = PBXBuildFile; fileRef = 1A1A332817DCF43B005BFA9B /* SDL2_image.framework */; };
		1A7902A81617341F005FB132 /* Cocoa.framework in Frameworks */ = {isa = PBXBuildFile; fileRef = 1A7902A71617341F005FB132 /* Cocoa.framework */; };
		1A7902D81617361C005FB132 /* main.c in Sources */ = {isa = PBXBuildFile; fileRef = 1A7902D71617361C005FB132 /* main.c */; };
		1A7902DF1617370F005FB132 /* Lua.framework in Frameworks */ = {isa = PBXBuildFile; fileRef = 1A7902DC1617370F005FB132 /* Lua.framework */; };
		1A7902E516173915005FB132 /* OpenGL.framework in Frameworks */ = {isa = PBXBuildFile; fileRef = 1A7902E416173915005FB132 /* OpenGL.framework */; };
		1A7902E716173FCD005FB132 /* Lua.framework in Copy Frameworks into .app bundle */ = {isa = PBXBuildFile; fileRef = 1A7902DC1617370F005FB132 /* Lua.framework */; settings = {ATTRIBUTES = (CodeSignOnCopy, ); }; };
		1A7BEAA616FD18C7008B3BCB /* libhamilton.a in Frameworks */ = {isa = PBXBuildFile; fileRef = 1A554C7316FD0E3C007ACD72 /* libhamilton.a */; };
		1A7BEAC116FD246D008B3BCB /* CoreMIDI.framework in Frameworks */ = {isa = PBXBuildFile; fileRef = 1A7BEAC016FD246D008B3BCB /* CoreMIDI.framework */; };
		1A7BEAC316FD2480008B3BCB /* CoreAudio.framework in Frameworks */ = {isa = PBXBuildFile; fileRef = 1A7BEAC216FD2480008B3BCB /* CoreAudio.framework */; };
		1AC0D780177626C800290C88 /* libalbase.a in Frameworks */ = {isa = PBXBuildFile; fileRef = 1AC0D77F177626C800290C88 /* libalbase.a */; };
		1AC0D782177626CE00290C88 /* libalice.a in Frameworks */ = {isa = PBXBuildFile; fileRef = 1AC0D781177626CE00290C88 /* libalice.a */; };
/* End PBXBuildFile section */

/* Begin PBXContainerItemProxy section */
		1A554C7216FD0E3C007ACD72 /* PBXContainerItemProxy */ = {
			isa = PBXContainerItemProxy;
			containerPortal = 1A554C5C16FCF3F5007ACD72 /* Hamilton.xcodeproj */;
			proxyType = 2;
			remoteGlobalIDString = 1A554C6916FD014E007ACD72;
			remoteInfo = hamilton;
		};
		1A7BEABE16FD23CF008B3BCB /* PBXContainerItemProxy */ = {
			isa = PBXContainerItemProxy;
			containerPortal = 1A554C5C16FCF3F5007ACD72 /* Hamilton.xcodeproj */;
			proxyType = 2;
			remoteGlobalIDString = 1A7BEAAB16FD1BA8008B3BCB;
			remoteInfo = hamiltoncli;
		};
/* End PBXContainerItemProxy section */

/* Begin PBXCopyFilesBuildPhase section */
		1A7902E616173FAD005FB132 /* Copy Frameworks into .app bundle */ = {
			isa = PBXCopyFilesBuildPhase;
			buildActionMask = 2147483647;
			dstPath = "";
			dstSubfolderSpec = 10;
			files = (
				1A7902E716173FCD005FB132 /* Lua.framework in Copy Frameworks into .app bundle */,
			);
			name = "Copy Frameworks into .app bundle";
			runOnlyForDeploymentPostprocessing = 0;
		};
/* End PBXCopyFilesBuildPhase section */

/* Begin PBXFileReference section */
		1A09671F19EB315600C52AA1 /* band_state.lua */ = {isa = PBXFileReference; fileEncoding = 4; lastKnownFileType = text; path = band_state.lua; sourceTree = "<group>"; };
		1A09672019EB315600C52AA1 /* icons.lua */ = {isa = PBXFileReference; fileEncoding = 4; lastKnownFileType = text; path = icons.lua; sourceTree = "<group>"; };
		1A09672119EB315600C52AA1 /* play_head.lua */ = {isa = PBXFileReference; fileEncoding = 4; lastKnownFileType = text; path = play_head.lua; sourceTree = "<group>"; };
		1A09672319EB315600C52AA1 /* state_widget.lua */ = {isa = PBXFileReference; fileEncoding = 4; lastKnownFileType = text; path = state_widget.lua; sourceTree = "<group>"; };
		1A09672919EB323F00C52AA1 /* scripts.derived.c */ = {isa = PBXFileReference; fileEncoding = 4; lastKnownFileType = sourcecode.c.c; path = scripts.derived.c; sourceTree = "<group>"; };
		1A09672B19EB326B00C52AA1 /* scripts.h */ = {isa = PBXFileReference; lastKnownFileType = sourcecode.c.h; path = scripts.h; sourceTree = "<group>"; };
		1A0F50F1176DDBD500D24C94 /* Jackmp.framework */ = {isa = PBXFileReference; lastKnownFileType = wrapper.framework; name = Jackmp.framework; path = /System/Library/Frameworks/Jackmp.framework; sourceTree = "<absolute>"; };
		1A1A332717DCF43B005BFA9B /* SDL2.framework */ = {isa = PBXFileReference; lastKnownFileType = wrapper.framework; name = SDL2.framework; path = /Library/Frameworks/SDL2.framework; sourceTree = "<absolute>"; };
		1A1A332817DCF43B005BFA9B /* SDL2_image.framework */ = {isa = PBXFileReference; lastKnownFileType = wrapper.framework; name = SDL2_image.framework; path = /Library/Frameworks/SDL2_image.framework; sourceTree = "<absolute>"; };
		1A554C5C16FCF3F5007ACD72 /* Hamilton.xcodeproj */ = {isa = PBXFileReference; lastKnownFileType = "wrapper.pb-project"; name = Hamilton.xcodeproj; path = hamilton/Hamilton.xcodeproj; sourceTree = "<group>"; };
		1A7902A31617341F005FB132 /* Hamilton.app */ = {isa = PBXFileReference; explicitFileType = wrapper.application; includeInIndex = 0; path = Hamilton.app; sourceTree = BUILT_PRODUCTS_DIR; };
		1A7902A71617341F005FB132 /* Cocoa.framework */ = {isa = PBXFileReference; lastKnownFileType = wrapper.framework; name = Cocoa.framework; path = System/Library/Frameworks/Cocoa.framework; sourceTree = SDKROOT; };
		1A7902AA1617341F005FB132 /* AppKit.framework */ = {isa = PBXFileReference; lastKnownFileType = wrapper.framework; name = AppKit.framework; path = System/Library/Frameworks/AppKit.framework; sourceTree = SDKROOT; };
		1A7902AB1617341F005FB132 /* CoreData.framework */ = {isa = PBXFileReference; lastKnownFileType = wrapper.framework; name = CoreData.framework; path = System/Library/Frameworks/CoreData.framework; sourceTree = SDKROOT; };
		1A7902AC1617341F005FB132 /* Foundation.framework */ = {isa = PBXFileReference; lastKnownFileType = wrapper.framework; name = Foundation.framework; path = System/Library/Frameworks/Foundation.framework; sourceTree = SDKROOT; };
		1A7902AF1617341F005FB132 /* Info.plist */ = {isa = PBXFileReference; lastKnownFileType = text.plist.xml; path = Info.plist; sourceTree = "<group>"; };
		1A7902D71617361C005FB132 /* main.c */ = {isa = PBXFileReference; fileEncoding = 4; lastKnownFileType = sourcecode.c.c; path = main.c; sourceTree = "<group>"; };
		1A7902DC1617370F005FB132 /* Lua.framework */ = {isa = PBXFileReference; lastKnownFileType = wrapper.framework; name = Lua.framework; path = /Library/Frameworks/Lua.framework; sourceTree = "<absolute>"; };
		1A7902E416173915005FB132 /* OpenGL.framework */ = {isa = PBXFileReference; lastKnownFileType = wrapper.framework; name = OpenGL.framework; path = /System/Library/Frameworks/OpenGL.framework; sourceTree = "<absolute>"; };
		1A7902F0161760F8005FB132 /* main.lua */ = {isa = PBXFileReference; lastKnownFileType = text; path = main.lua; sourceTree = "<group>"; };
		1A7BEAA316FD1647008B3BCB /* Debug.xcconfig */ = {isa = PBXFileReference; lastKnownFileType = text.xcconfig; path = Debug.xcconfig; sourceTree = "<group>"; };
		1A7BEAA416FD1647008B3BCB /* Global.xcconfig */ = {isa = PBXFileReference; lastKnownFileType = text.xcconfig; path = Global.xcconfig; sourceTree = "<group>"; };
		1A7BEAA516FD1647008B3BCB /* Release.xcconfig */ = {isa = PBXFileReference; lastKnownFileType = text.xcconfig; path = Release.xcconfig; sourceTree = "<group>"; };
		1A7BEAC016FD246D008B3BCB /* CoreMIDI.framework */ = {isa = PBXFileReference; lastKnownFileType = wrapper.framework; name = CoreMIDI.framework; path = /System/Library/Frameworks/CoreMIDI.framework; sourceTree = "<absolute>"; };
		1A7BEAC216FD2480008B3BCB /* CoreAudio.framework */ = {isa = PBXFileReference; lastKnownFileType = wrapper.framework; name = CoreAudio.framework; path = /System/Library/Frameworks/CoreAudio.framework; sourceTree = "<absolute>"; };
		1AC0D77F177626C800290C88 /* libalbase.a */ = {isa = PBXFileReference; lastKnownFileType = archive.ar; name = libalbase.a; path = "../../Library/Developer/Xcode/DerivedData/Hamilton_UI-ayqjxbngkxrcrkcshxsmkywlufht/Build/Products/Debug/libalbase.a"; sourceTree = "<group>"; };
		1AC0D781177626CE00290C88 /* libalice.a */ = {isa = PBXFileReference; lastKnownFileType = archive.ar; name = libalice.a; path = "../../Library/Developer/Xcode/DerivedData/Hamilton_UI-ayqjxbngkxrcrkcshxsmkywlufht/Build/Products/Debug/libalice.a"; sourceTree = "<group>"; };
/* End PBXFileReference section */

/* Begin PBXFrameworksBuildPhase section */
		1A7902A01617341F005FB132 /* Frameworks */ = {
			isa = PBXFrameworksBuildPhase;
			buildActionMask = 2147483647;
			files = (
				1A1A332917DCF43B005BFA9B /* SDL2.framework in Frameworks */,
				1A1A332A17DCF43B005BFA9B /* SDL2_image.framework in Frameworks */,
				1AC0D782177626CE00290C88 /* libalice.a in Frameworks */,
				1AC0D780177626C800290C88 /* libalbase.a in Frameworks */,
				1A7BEAC316FD2480008B3BCB /* CoreAudio.framework in Frameworks */,
				1A7BEAC116FD246D008B3BCB /* CoreMIDI.framework in Frameworks */,
				1A7BEAA616FD18C7008B3BCB /* libhamilton.a in Frameworks */,
				1A7902E516173915005FB132 /* OpenGL.framework in Frameworks */,
				1A7902DF1617370F005FB132 /* Lua.framework in Frameworks */,
				1A7902A81617341F005FB132 /* Cocoa.framework in Frameworks */,
			);
			runOnlyForDeploymentPostprocessing = 0;
		};
/* End PBXFrameworksBuildPhase section */

/* Begin PBXGroup section */
		1A554C5D16FCF3F5007ACD72 /* Products */ = {
			isa = PBXGroup;
			children = (
				1A554C7316FD0E3C007ACD72 /* libhamilton.a */,
				1A7BEABF16FD23CF008B3BCB /* hamiltoncli */,
			);
			name = Products;
			sourceTree = "<group>";
		};
		1A7902981617341F005FB132 = {
			isa = PBXGroup;
			children = (
				1A554C5C16FCF3F5007ACD72 /* Hamilton.xcodeproj */,
				1A7902AD1617341F005FB132 /* Source */,
				1A7902AE1617341F005FB132 /* Supporting Files */,
				1A7902A61617341F005FB132 /* Frameworks */,
				1A7902A41617341F005FB132 /* Products */,
			);
			sourceTree = "<group>";
		};
		1A7902A41617341F005FB132 /* Products */ = {
			isa = PBXGroup;
			children = (
				1A7902A31617341F005FB132 /* Hamilton.app */,
			);
			name = Products;
			sourceTree = "<group>";
		};
		1A7902A61617341F005FB132 /* Frameworks */ = {
			isa = PBXGroup;
			children = (
				1A7902A71617341F005FB132 /* Cocoa.framework */,
				1A7BEAC216FD2480008B3BCB /* CoreAudio.framework */,
				1A7BEAC016FD246D008B3BCB /* CoreMIDI.framework */,
				1A0F50F1176DDBD500D24C94 /* Jackmp.framework */,
				1AC0D77F177626C800290C88 /* libalbase.a */,
				1AC0D781177626CE00290C88 /* libalice.a */,
				1A7902DC1617370F005FB132 /* Lua.framework */,
				1A7902E416173915005FB132 /* OpenGL.framework */,
				1A7902A91617341F005FB132 /* Other Frameworks */,
				1A1A332717DCF43B005BFA9B /* SDL2.framework */,
				1A1A332817DCF43B005BFA9B /* SDL2_image.framework */,
			);
			name = Frameworks;
			sourceTree = "<group>";
		};
		1A7902A91617341F005FB132 /* Other Frameworks */ = {
			isa = PBXGroup;
			children = (
				1A7902AA1617341F005FB132 /* AppKit.framework */,
				1A7902AB1617341F005FB132 /* CoreData.framework */,
				1A7902AC1617341F005FB132 /* Foundation.framework */,
			);
			name = "Other Frameworks";
			sourceTree = "<group>";
		};
		1A7902AD1617341F005FB132 /* Source */ = {
			isa = PBXGroup;
			children = (
				1A09671F19EB315600C52AA1 /* band_state.lua */,
				1A09672019EB315600C52AA1 /* icons.lua */,
				1A7902D71617361C005FB132 /* main.c */,
				1A7902F0161760F8005FB132 /* main.lua */,
				1A09672119EB315600C52AA1 /* play_head.lua */,
				1A09672919EB323F00C52AA1 /* scripts.derived.c */,
				1A09672B19EB326B00C52AA1 /* scripts.h */,
				1A09672319EB315600C52AA1 /* state_widget.lua */,
			);
			name = Source;
			path = src;
			sourceTree = "<group>";
		};
		1A7902AE1617341F005FB132 /* Supporting Files */ = {
			isa = PBXGroup;
			children = (
				1A7BEAA316FD1647008B3BCB /* Debug.xcconfig */,
				1A7BEAA416FD1647008B3BCB /* Global.xcconfig */,
				1A7BEAA516FD1647008B3BCB /* Release.xcconfig */,
				1A7902AF1617341F005FB132 /* Info.plist */,
			);
			name = "Supporting Files";
			path = osx;
			sourceTree = "<group>";
		};
/* End PBXGroup section */

/* Begin PBXNativeTarget section */
		1A7902A21617341F005FB132 /* Hamilton */ = {
			isa = PBXNativeTarget;
			buildConfigurationList = 1A7902C11617341F005FB132 /* Build configuration list for PBXNativeTarget "Hamilton" */;
			buildPhases = (
				1A09671E19EB30DB00C52AA1 /* Compile Scripts */,
				1A79029F1617341F005FB132 /* Sources */,
				1A7902A01617341F005FB132 /* Frameworks */,
				1A7902A11617341F005FB132 /* Resources */,
				1A7902E616173FAD005FB132 /* Copy Frameworks into .app bundle */,
			);
			buildRules = (
			);
			dependencies = (
			);
			name = Hamilton;
			productName = Hamilton;
			productReference = 1A7902A31617341F005FB132 /* Hamilton.app */;
			productType = "com.apple.product-type.application";
		};
/* End PBXNativeTarget section */

/* Begin PBXProject section */
		1A79029A1617341F005FB132 /* Project object */ = {
			isa = PBXProject;
			attributes = {
				LastUpgradeCheck = 0600;
				ORGANIZATIONNAME = "James Deery";
			};
			buildConfigurationList = 1A79029D1617341F005FB132 /* Build configuration list for PBXProject "Hamilton UI" */;
			compatibilityVersion = "Xcode 3.2";
			developmentRegion = English;
			hasScannedForEncodings = 0;
			knownRegions = (
				en,
			);
			mainGroup = 1A7902981617341F005FB132;
			productRefGroup = 1A7902A41617341F005FB132 /* Products */;
			projectDirPath = "";
			projectReferences = (
				{
					ProductGroup = 1A554C5D16FCF3F5007ACD72 /* Products */;
					ProjectRef = 1A554C5C16FCF3F5007ACD72 /* Hamilton.xcodeproj */;
				},
			);
			projectRoot = "";
			targets = (
				1A7902A21617341F005FB132 /* Hamilton */,
			);
		};
/* End PBXProject section */

/* Begin PBXReferenceProxy section */
		1A554C7316FD0E3C007ACD72 /* libhamilton.a */ = {
			isa = PBXReferenceProxy;
			fileType = archive.ar;
			path = libhamilton.a;
			remoteRef = 1A554C7216FD0E3C007ACD72 /* PBXContainerItemProxy */;
			sourceTree = BUILT_PRODUCTS_DIR;
		};
		1A7BEABF16FD23CF008B3BCB /* hamiltoncli */ = {
			isa = PBXReferenceProxy;
			fileType = "compiled.mach-o.executable";
			path = hamiltoncli;
			remoteRef = 1A7BEABE16FD23CF008B3BCB /* PBXContainerItemProxy */;
			sourceTree = BUILT_PRODUCTS_DIR;
		};
/* End PBXReferenceProxy section */

/* Begin PBXResourcesBuildPhase section */
		1A7902A11617341F005FB132 /* Resources */ = {
			isa = PBXResourcesBuildPhase;
			buildActionMask = 2147483647;
			files = (
			);
			runOnlyForDeploymentPostprocessing = 0;
		};
/* End PBXResourcesBuildPhase section */

/* Begin PBXShellScriptBuildPhase section */
		1A09671E19EB30DB00C52AA1 /* Compile Scripts */ = {
			isa = PBXShellScriptBuildPhase;
			buildActionMask = 2147483647;
			files = (
			);
			inputPaths = (
				"$(SRCROOT)/src/band_state.lua",
				"$(SRCROOT)/src/icons.lua",
				"$(SRCROOT)/src/main.lua",
				"$(SRCROOT)/src/play_head.lua",
				"$(SRCROOT)/src/state_widget.lua",
			);
			name = "Compile Scripts";
			outputPaths = (
				"$(SRCROOT)/src/scripts.derived.c",
			);
			runOnlyForDeploymentPostprocessing = 0;
			shellPath = /usr/bin/python;
			shellScript = "import os, sys\nsys.path.append(os.environ['PROJECT_DIR'] + '/hamilton/alice')\nimport compile_resources\n\ncompile_resources.run_xcode_rule()";
		};
/* End PBXShellScriptBuildPhase section */

/* Begin PBXSourcesBuildPhase section */
		1A79029F1617341F005FB132 /* Sources */ = {
			isa = PBXSourcesBuildPhase;
			buildActionMask = 2147483647;
			files = (
				1A7902D81617361C005FB132 /* main.c in Sources */,
				1A09672A19EB323F00C52AA1 /* scripts.derived.c in Sources */,
			);
			runOnlyForDeploymentPostprocessing = 0;
		};
/* End PBXSourcesBuildPhase section */

/* Begin XCBuildConfiguration section */
		1A7902BF1617341F005FB132 /* Debug */ = {
			isa = XCBuildConfiguration;
			baseConfigurationReference = 1A7BEAA316FD1647008B3BCB /* Debug.xcconfig */;
			buildSettings = {
				FRAMEWORK_SEARCH_PATHS = "$(LOCAL_LIBRARY_DIR)/Frameworks";
				ONLY_ACTIVE_ARCH = YES;
			};
			name = Debug;
		};
		1A7902C01617341F005FB132 /* Release */ = {
			isa = XCBuildConfiguration;
			baseConfigurationReference = 1A7BEAA516FD1647008B3BCB /* Release.xcconfig */;
			buildSettings = {
				FRAMEWORK_SEARCH_PATHS = "$(LOCAL_LIBRARY_DIR)/Frameworks";
			};
			name = Release;
		};
		1A7902C21617341F005FB132 /* Debug */ = {
			isa = XCBuildConfiguration;
			buildSettings = {
				INFOPLIST_FILE = osx/Info.plist;
				LD_RUNPATH_SEARCH_PATHS = "@loader_path/../Frameworks";
				PRODUCT_NAME = "$(TARGET_NAME)";
			};
			name = Debug;
		};
		1A7902C31617341F005FB132 /* Release */ = {
			isa = XCBuildConfiguration;
			buildSettings = {
				INFOPLIST_FILE = osx/Info.plist;
				LD_RUNPATH_SEARCH_PATHS = "@loader_path/../Frameworks";
				PRODUCT_NAME = "$(TARGET_NAME)";
			};
			name = Release;
		};
/* End XCBuildConfiguration section */

/* Begin XCConfigurationList section */
		1A79029D1617341F005FB132 /* Build configuration list for PBXProject "Hamilton UI" */ = {
			isa = XCConfigurationList;
			buildConfigurations = (
				1A7902BF1617341F005FB132 /* Debug */,
				1A7902C01617341F005FB132 /* Release */,
			);
			defaultConfigurationIsVisible = 0;
			defaultConfigurationName = Release;
		};
		1A7902C11617341F005FB132 /* Build configuration list for PBXNativeTarget "Hamilton" */ = {
			isa = XCConfigurationList;
			buildConfigurations = (
				1A7902C21617341F005FB132 /* Debug */,
				1A7902C31617341F005FB132 /* Release */,
			);
			defaultConfigurationIsVisible = 0;
			defaultConfigurationName = Release;
		};
/* End XCConfigurationList section */
	};
	rootObject = 1A79029A1617341F005FB132 /* Project object */;
}
